// !$*UTF8*$!
{
	archiveVersion = 1;
	classes = {
	};
	objectVersion = 50;
	objects = {

/* Begin PBXBuildFile section */
		3C5E701C28533E797EBE09C9 /* Pods_PopularMovies.framework in Frameworks */ = {isa = PBXBuildFile; fileRef = 4536DB229775911D18862F0E /* Pods_PopularMovies.framework */; };
		75C839602255E92D00317299 /* AppDelegate.swift in Sources */ = {isa = PBXBuildFile; fileRef = 75C8395F2255E92D00317299 /* AppDelegate.swift */; };
		75C839652255E92D00317299 /* Main.storyboard in Resources */ = {isa = PBXBuildFile; fileRef = 75C839632255E92D00317299 /* Main.storyboard */; };
		75C839672255E92E00317299 /* Assets.xcassets in Resources */ = {isa = PBXBuildFile; fileRef = 75C839662255E92E00317299 /* Assets.xcassets */; };
		75C8396A2255E92E00317299 /* LaunchScreen.storyboard in Resources */ = {isa = PBXBuildFile; fileRef = 75C839682255E92E00317299 /* LaunchScreen.storyboard */; };
		75C839752255E92E00317299 /* GetPopularMoviesInteractorTests.swift in Sources */ = {isa = PBXBuildFile; fileRef = 75C839742255E92E00317299 /* GetPopularMoviesInteractorTests.swift */; };
		75C839812255ED5C00317299 /* GetPopularMoviesInteractor.swift in Sources */ = {isa = PBXBuildFile; fileRef = 75C839802255ED5C00317299 /* GetPopularMoviesInteractor.swift */; };
		75C839822255ED5C00317299 /* GetPopularMoviesInteractor.swift in Sources */ = {isa = PBXBuildFile; fileRef = 75C839802255ED5C00317299 /* GetPopularMoviesInteractor.swift */; };
		75C839852255EEA000317299 /* Movie.swift in Sources */ = {isa = PBXBuildFile; fileRef = 75C839842255EEA000317299 /* Movie.swift */; };
		75C839862255EEA000317299 /* Movie.swift in Sources */ = {isa = PBXBuildFile; fileRef = 75C839842255EEA000317299 /* Movie.swift */; };
		75C839892255F44E00317299 /* GetPopularMoviesService.swift in Sources */ = {isa = PBXBuildFile; fileRef = 75C839882255F44E00317299 /* GetPopularMoviesService.swift */; };
		75C8398A2255F44E00317299 /* GetPopularMoviesService.swift in Sources */ = {isa = PBXBuildFile; fileRef = 75C839882255F44E00317299 /* GetPopularMoviesService.swift */; };
		75C8398E2255F4C300317299 /* GetPopularMoviesServiceStub.swift in Sources */ = {isa = PBXBuildFile; fileRef = 75C8398C2255F4C300317299 /* GetPopularMoviesServiceStub.swift */; };
		75C839942255F6C600317299 /* GetPopularMoviesServiceDummy.swift in Sources */ = {isa = PBXBuildFile; fileRef = 75C839922255F6C600317299 /* GetPopularMoviesServiceDummy.swift */; };
		75C839972255F70600317299 /* MovieStub.swift in Sources */ = {isa = PBXBuildFile; fileRef = 75C839952255F70600317299 /* MovieStub.swift */; };
		75C8399A2255F7D400317299 /* MoviesRepository.swift in Sources */ = {isa = PBXBuildFile; fileRef = 75C839992255F7D400317299 /* MoviesRepository.swift */; };
		75C8399B2255F7D400317299 /* MoviesRepository.swift in Sources */ = {isa = PBXBuildFile; fileRef = 75C839992255F7D400317299 /* MoviesRepository.swift */; };
		75C8399E2255F7F000317299 /* MoviesRepositorySpy.swift in Sources */ = {isa = PBXBuildFile; fileRef = 75C8399C2255F7F000317299 /* MoviesRepositorySpy.swift */; };
		75C839A02256041B00317299 /* GetPopularMoviesServiceErrorDummy.swift in Sources */ = {isa = PBXBuildFile; fileRef = 75C8399F2256041B00317299 /* GetPopularMoviesServiceErrorDummy.swift */; };
		75C839A12256041B00317299 /* GetPopularMoviesServiceErrorDummy.swift in Sources */ = {isa = PBXBuildFile; fileRef = 75C8399F2256041B00317299 /* GetPopularMoviesServiceErrorDummy.swift */; };
		75C839A3225604B700317299 /* ErrorStub.swift in Sources */ = {isa = PBXBuildFile; fileRef = 75C839A2225604B700317299 /* ErrorStub.swift */; };
		75C839A4225604B700317299 /* ErrorStub.swift in Sources */ = {isa = PBXBuildFile; fileRef = 75C839A2225604B700317299 /* ErrorStub.swift */; };
		75C839A62256076F00317299 /* MoviesRepositoryErrorDummy.swift in Sources */ = {isa = PBXBuildFile; fileRef = 75C839A52256076F00317299 /* MoviesRepositoryErrorDummy.swift */; };
		75C839A72256076F00317299 /* MoviesRepositoryErrorDummy.swift in Sources */ = {isa = PBXBuildFile; fileRef = 75C839A52256076F00317299 /* MoviesRepositoryErrorDummy.swift */; };
		75C839B522560B1F00317299 /* MoviesViewController.swift in Sources */ = {isa = PBXBuildFile; fileRef = 75C839B422560B1F00317299 /* MoviesViewController.swift */; };
		75C839B722560B5C00317299 /* DefaultMoviesPresenter.swift in Sources */ = {isa = PBXBuildFile; fileRef = 75C839B622560B5C00317299 /* DefaultMoviesPresenter.swift */; };
		75C839B922560B7000317299 /* MoviesCoordinator.swift in Sources */ = {isa = PBXBuildFile; fileRef = 75C839B822560B7000317299 /* MoviesCoordinator.swift */; };
		75C839BB22560BCE00317299 /* GetMoviesInteractor.swift in Sources */ = {isa = PBXBuildFile; fileRef = 75C839BA22560BCE00317299 /* GetMoviesInteractor.swift */; };
		75C839BC22560C0900317299 /* GetMoviesInteractor.swift in Sources */ = {isa = PBXBuildFile; fileRef = 75C839BA22560BCE00317299 /* GetMoviesInteractor.swift */; };
		75C839BE22560C8000317299 /* MoviesPresenter.swift in Sources */ = {isa = PBXBuildFile; fileRef = 75C839BD22560C8000317299 /* MoviesPresenter.swift */; };
		75C839C02256131300317299 /* MovieCell.swift in Sources */ = {isa = PBXBuildFile; fileRef = 75C839BF2256131300317299 /* MovieCell.swift */; };
		75C839C222561A8800317299 /* TMDBGetPopularMoviesService.swift in Sources */ = {isa = PBXBuildFile; fileRef = 75C839C122561A8800317299 /* TMDBGetPopularMoviesService.swift */; };
		75C839C422561B0300317299 /* InMemoryMoviesRepository.swift in Sources */ = {isa = PBXBuildFile; fileRef = 75C839C322561B0300317299 /* InMemoryMoviesRepository.swift */; };
		75C839C62256240400317299 /* MovieDTO.swift in Sources */ = {isa = PBXBuildFile; fileRef = 75C839C52256240400317299 /* MovieDTO.swift */; };
		75C839CA22562B6800317299 /* MovieDisplayModel.swift in Sources */ = {isa = PBXBuildFile; fileRef = 75C839C922562B6800317299 /* MovieDisplayModel.swift */; };
		75C839CC22562CA200317299 /* MovieDisplayModelFactory.swift in Sources */ = {isa = PBXBuildFile; fileRef = 75C839CB22562CA200317299 /* MovieDisplayModelFactory.swift */; };
		75C839CE22562CD900317299 /* DefaultMovieDisplayModelFactory.swift in Sources */ = {isa = PBXBuildFile; fileRef = 75C839CD22562CD900317299 /* DefaultMovieDisplayModelFactory.swift */; };
		75C839D02256421700317299 /* GetMovieDetailsInteractorTests.swift in Sources */ = {isa = PBXBuildFile; fileRef = 75C839CF2256421700317299 /* GetMovieDetailsInteractorTests.swift */; };
		75C839D22256425300317299 /* GetMovieDetailsInteractor.swift in Sources */ = {isa = PBXBuildFile; fileRef = 75C839D12256425300317299 /* GetMovieDetailsInteractor.swift */; };
		75C839D32256425300317299 /* GetMovieDetailsInteractor.swift in Sources */ = {isa = PBXBuildFile; fileRef = 75C839D12256425300317299 /* GetMovieDetailsInteractor.swift */; };
		75C839D52256428E00317299 /* DefaultGetMovieDetailsInteractor.swift in Sources */ = {isa = PBXBuildFile; fileRef = 75C839D42256428E00317299 /* DefaultGetMovieDetailsInteractor.swift */; };
		75C839D62256428E00317299 /* DefaultGetMovieDetailsInteractor.swift in Sources */ = {isa = PBXBuildFile; fileRef = 75C839D42256428E00317299 /* DefaultGetMovieDetailsInteractor.swift */; };
		75C839D9225644A300317299 /* GetMovieDetailsServiceFake.swift in Sources */ = {isa = PBXBuildFile; fileRef = 75C839D7225644A300317299 /* GetMovieDetailsServiceFake.swift */; };
		75C839DB225644CB00317299 /* GetMovieDetailsService.swift in Sources */ = {isa = PBXBuildFile; fileRef = 75C839DA225644CB00317299 /* GetMovieDetailsService.swift */; };
		75C839DC225644CB00317299 /* GetMovieDetailsService.swift in Sources */ = {isa = PBXBuildFile; fileRef = 75C839DA225644CB00317299 /* GetMovieDetailsService.swift */; };
		75C839DE225651F800317299 /* MoviesRepositoryError.swift in Sources */ = {isa = PBXBuildFile; fileRef = 75C839DD225651F800317299 /* MoviesRepositoryError.swift */; };
		75C839DF225651F800317299 /* MoviesRepositoryError.swift in Sources */ = {isa = PBXBuildFile; fileRef = 75C839DD225651F800317299 /* MoviesRepositoryError.swift */; };
		75C839E42256577D00317299 /* MovieFake.swift in Sources */ = {isa = PBXBuildFile; fileRef = 75C839E32256577D00317299 /* MovieFake.swift */; };
		75C839E622565A1700317299 /* GetMovieDetailsServiceErrorDummy.swift in Sources */ = {isa = PBXBuildFile; fileRef = 75C839E522565A1700317299 /* GetMovieDetailsServiceErrorDummy.swift */; };
		75C839E82256643100317299 /* PosterURLFactory.swift in Sources */ = {isa = PBXBuildFile; fileRef = 75C839E72256643100317299 /* PosterURLFactory.swift */; };
		75C839EA2256648B00317299 /* SmallPosterURLFactory.swift in Sources */ = {isa = PBXBuildFile; fileRef = 75C839E92256648B00317299 /* SmallPosterURLFactory.swift */; };
		75C839EC2256654600317299 /* BigPosterURLFactory.swift in Sources */ = {isa = PBXBuildFile; fileRef = 75C839EB2256654600317299 /* BigPosterURLFactory.swift */; };
		C85A4386A5A1ECBB065BF49D /* Pods_PopularMoviesTests.framework in Frameworks */ = {isa = PBXBuildFile; fileRef = 3855770658C787020881EB5A /* Pods_PopularMoviesTests.framework */; };
/* End PBXBuildFile section */

/* Begin PBXContainerItemProxy section */
		75C839712255E92E00317299 /* PBXContainerItemProxy */ = {
			isa = PBXContainerItemProxy;
			containerPortal = 75C839542255E92D00317299 /* Project object */;
			proxyType = 1;
			remoteGlobalIDString = 75C8395B2255E92D00317299;
			remoteInfo = PopularMovies;
		};
/* End PBXContainerItemProxy section */

/* Begin PBXFileReference section */
		2F5F6F1FC22CE8C46ED437EB /* Pods-PopularMoviesTests.release.xcconfig */ = {isa = PBXFileReference; includeInIndex = 1; lastKnownFileType = text.xcconfig; name = "Pods-PopularMoviesTests.release.xcconfig"; path = "Target Support Files/Pods-PopularMoviesTests/Pods-PopularMoviesTests.release.xcconfig"; sourceTree = "<group>"; };
		3855770658C787020881EB5A /* Pods_PopularMoviesTests.framework */ = {isa = PBXFileReference; explicitFileType = wrapper.framework; includeInIndex = 0; path = Pods_PopularMoviesTests.framework; sourceTree = BUILT_PRODUCTS_DIR; };
		4536DB229775911D18862F0E /* Pods_PopularMovies.framework */ = {isa = PBXFileReference; explicitFileType = wrapper.framework; includeInIndex = 0; path = Pods_PopularMovies.framework; sourceTree = BUILT_PRODUCTS_DIR; };
		52A55CCD03CE2C9F0C9AE91A /* Pods-PopularMovies.debug.xcconfig */ = {isa = PBXFileReference; includeInIndex = 1; lastKnownFileType = text.xcconfig; name = "Pods-PopularMovies.debug.xcconfig"; path = "Target Support Files/Pods-PopularMovies/Pods-PopularMovies.debug.xcconfig"; sourceTree = "<group>"; };
		75C8395C2255E92D00317299 /* PopularMovies.app */ = {isa = PBXFileReference; explicitFileType = wrapper.application; includeInIndex = 0; path = PopularMovies.app; sourceTree = BUILT_PRODUCTS_DIR; };
		75C8395F2255E92D00317299 /* AppDelegate.swift */ = {isa = PBXFileReference; lastKnownFileType = sourcecode.swift; path = AppDelegate.swift; sourceTree = "<group>"; };
		75C839642255E92D00317299 /* Base */ = {isa = PBXFileReference; lastKnownFileType = file.storyboard; name = Base; path = Base.lproj/Main.storyboard; sourceTree = "<group>"; };
		75C839662255E92E00317299 /* Assets.xcassets */ = {isa = PBXFileReference; lastKnownFileType = folder.assetcatalog; path = Assets.xcassets; sourceTree = "<group>"; };
		75C839692255E92E00317299 /* Base */ = {isa = PBXFileReference; lastKnownFileType = file.storyboard; name = Base; path = Base.lproj/LaunchScreen.storyboard; sourceTree = "<group>"; };
		75C8396B2255E92E00317299 /* Info.plist */ = {isa = PBXFileReference; lastKnownFileType = text.plist.xml; path = Info.plist; sourceTree = "<group>"; };
		75C839702255E92E00317299 /* PopularMoviesTests.xctest */ = {isa = PBXFileReference; explicitFileType = wrapper.cfbundle; includeInIndex = 0; path = PopularMoviesTests.xctest; sourceTree = BUILT_PRODUCTS_DIR; };
		75C839742255E92E00317299 /* GetPopularMoviesInteractorTests.swift */ = {isa = PBXFileReference; lastKnownFileType = sourcecode.swift; path = GetPopularMoviesInteractorTests.swift; sourceTree = "<group>"; };
		75C839762255E92E00317299 /* Info.plist */ = {isa = PBXFileReference; lastKnownFileType = text.plist.xml; path = Info.plist; sourceTree = "<group>"; };
		75C839802255ED5C00317299 /* GetPopularMoviesInteractor.swift */ = {isa = PBXFileReference; lastKnownFileType = sourcecode.swift; path = GetPopularMoviesInteractor.swift; sourceTree = "<group>"; };
		75C839842255EEA000317299 /* Movie.swift */ = {isa = PBXFileReference; lastKnownFileType = sourcecode.swift; path = Movie.swift; sourceTree = "<group>"; };
		75C839882255F44E00317299 /* GetPopularMoviesService.swift */ = {isa = PBXFileReference; lastKnownFileType = sourcecode.swift; path = GetPopularMoviesService.swift; sourceTree = "<group>"; };
		75C8398C2255F4C300317299 /* GetPopularMoviesServiceStub.swift */ = {isa = PBXFileReference; lastKnownFileType = sourcecode.swift; path = GetPopularMoviesServiceStub.swift; sourceTree = "<group>"; };
		75C839922255F6C600317299 /* GetPopularMoviesServiceDummy.swift */ = {isa = PBXFileReference; lastKnownFileType = sourcecode.swift; path = GetPopularMoviesServiceDummy.swift; sourceTree = "<group>"; };
		75C839952255F70600317299 /* MovieStub.swift */ = {isa = PBXFileReference; lastKnownFileType = sourcecode.swift; path = MovieStub.swift; sourceTree = "<group>"; };
		75C839992255F7D400317299 /* MoviesRepository.swift */ = {isa = PBXFileReference; lastKnownFileType = sourcecode.swift; path = MoviesRepository.swift; sourceTree = "<group>"; };
		75C8399C2255F7F000317299 /* MoviesRepositorySpy.swift */ = {isa = PBXFileReference; lastKnownFileType = sourcecode.swift; path = MoviesRepositorySpy.swift; sourceTree = "<group>"; };
		75C8399F2256041B00317299 /* GetPopularMoviesServiceErrorDummy.swift */ = {isa = PBXFileReference; lastKnownFileType = sourcecode.swift; path = GetPopularMoviesServiceErrorDummy.swift; sourceTree = "<group>"; };
		75C839A2225604B700317299 /* ErrorStub.swift */ = {isa = PBXFileReference; lastKnownFileType = sourcecode.swift; path = ErrorStub.swift; sourceTree = "<group>"; };
		75C839A52256076F00317299 /* MoviesRepositoryErrorDummy.swift */ = {isa = PBXFileReference; lastKnownFileType = sourcecode.swift; path = MoviesRepositoryErrorDummy.swift; sourceTree = "<group>"; };
		75C839B422560B1F00317299 /* MoviesViewController.swift */ = {isa = PBXFileReference; lastKnownFileType = sourcecode.swift; path = MoviesViewController.swift; sourceTree = "<group>"; };
		75C839B622560B5C00317299 /* DefaultMoviesPresenter.swift */ = {isa = PBXFileReference; lastKnownFileType = sourcecode.swift; path = DefaultMoviesPresenter.swift; sourceTree = "<group>"; };
		75C839B822560B7000317299 /* MoviesCoordinator.swift */ = {isa = PBXFileReference; lastKnownFileType = sourcecode.swift; path = MoviesCoordinator.swift; sourceTree = "<group>"; };
		75C839BA22560BCE00317299 /* GetMoviesInteractor.swift */ = {isa = PBXFileReference; lastKnownFileType = sourcecode.swift; path = GetMoviesInteractor.swift; sourceTree = "<group>"; };
		75C839BD22560C8000317299 /* MoviesPresenter.swift */ = {isa = PBXFileReference; lastKnownFileType = sourcecode.swift; path = MoviesPresenter.swift; sourceTree = "<group>"; };
		75C839BF2256131300317299 /* MovieCell.swift */ = {isa = PBXFileReference; lastKnownFileType = sourcecode.swift; path = MovieCell.swift; sourceTree = "<group>"; };
		75C839C122561A8800317299 /* TMDBGetPopularMoviesService.swift */ = {isa = PBXFileReference; lastKnownFileType = sourcecode.swift; path = TMDBGetPopularMoviesService.swift; sourceTree = "<group>"; };
		75C839C322561B0300317299 /* InMemoryMoviesRepository.swift */ = {isa = PBXFileReference; lastKnownFileType = sourcecode.swift; path = InMemoryMoviesRepository.swift; sourceTree = "<group>"; };
		75C839C52256240400317299 /* MovieDTO.swift */ = {isa = PBXFileReference; lastKnownFileType = sourcecode.swift; path = MovieDTO.swift; sourceTree = "<group>"; };
		75C839C922562B6800317299 /* MovieDisplayModel.swift */ = {isa = PBXFileReference; lastKnownFileType = sourcecode.swift; path = MovieDisplayModel.swift; sourceTree = "<group>"; };
		75C839CB22562CA200317299 /* MovieDisplayModelFactory.swift */ = {isa = PBXFileReference; lastKnownFileType = sourcecode.swift; path = MovieDisplayModelFactory.swift; sourceTree = "<group>"; };
		75C839CD22562CD900317299 /* DefaultMovieDisplayModelFactory.swift */ = {isa = PBXFileReference; lastKnownFileType = sourcecode.swift; path = DefaultMovieDisplayModelFactory.swift; sourceTree = "<group>"; };
		75C839CF2256421700317299 /* GetMovieDetailsInteractorTests.swift */ = {isa = PBXFileReference; lastKnownFileType = sourcecode.swift; path = GetMovieDetailsInteractorTests.swift; sourceTree = "<group>"; };
		75C839D12256425300317299 /* GetMovieDetailsInteractor.swift */ = {isa = PBXFileReference; lastKnownFileType = sourcecode.swift; path = GetMovieDetailsInteractor.swift; sourceTree = "<group>"; };
		75C839D42256428E00317299 /* DefaultGetMovieDetailsInteractor.swift */ = {isa = PBXFileReference; lastKnownFileType = sourcecode.swift; path = DefaultGetMovieDetailsInteractor.swift; sourceTree = "<group>"; };
		75C839D7225644A300317299 /* GetMovieDetailsServiceFake.swift */ = {isa = PBXFileReference; lastKnownFileType = sourcecode.swift; path = GetMovieDetailsServiceFake.swift; sourceTree = "<group>"; };
		75C839DA225644CB00317299 /* GetMovieDetailsService.swift */ = {isa = PBXFileReference; lastKnownFileType = sourcecode.swift; path = GetMovieDetailsService.swift; sourceTree = "<group>"; };
		75C839DD225651F800317299 /* MoviesRepositoryError.swift */ = {isa = PBXFileReference; lastKnownFileType = sourcecode.swift; path = MoviesRepositoryError.swift; sourceTree = "<group>"; };
		75C839E32256577D00317299 /* MovieFake.swift */ = {isa = PBXFileReference; lastKnownFileType = sourcecode.swift; path = MovieFake.swift; sourceTree = "<group>"; };
		75C839E522565A1700317299 /* GetMovieDetailsServiceErrorDummy.swift */ = {isa = PBXFileReference; lastKnownFileType = sourcecode.swift; path = GetMovieDetailsServiceErrorDummy.swift; sourceTree = "<group>"; };
		75C839E72256643100317299 /* PosterURLFactory.swift */ = {isa = PBXFileReference; lastKnownFileType = sourcecode.swift; path = PosterURLFactory.swift; sourceTree = "<group>"; };
		75C839E92256648B00317299 /* SmallPosterURLFactory.swift */ = {isa = PBXFileReference; lastKnownFileType = sourcecode.swift; path = SmallPosterURLFactory.swift; sourceTree = "<group>"; };
		75C839EB2256654600317299 /* BigPosterURLFactory.swift */ = {isa = PBXFileReference; lastKnownFileType = sourcecode.swift; path = BigPosterURLFactory.swift; sourceTree = "<group>"; };
		A60E816E88F998F842D0C79E /* Pods-PopularMovies.release.xcconfig */ = {isa = PBXFileReference; includeInIndex = 1; lastKnownFileType = text.xcconfig; name = "Pods-PopularMovies.release.xcconfig"; path = "Target Support Files/Pods-PopularMovies/Pods-PopularMovies.release.xcconfig"; sourceTree = "<group>"; };
		E5A36E88D97B57576EA208AC /* Pods-PopularMoviesTests.debug.xcconfig */ = {isa = PBXFileReference; includeInIndex = 1; lastKnownFileType = text.xcconfig; name = "Pods-PopularMoviesTests.debug.xcconfig"; path = "Target Support Files/Pods-PopularMoviesTests/Pods-PopularMoviesTests.debug.xcconfig"; sourceTree = "<group>"; };
/* End PBXFileReference section */

/* Begin PBXFrameworksBuildPhase section */
		75C839592255E92D00317299 /* Frameworks */ = {
			isa = PBXFrameworksBuildPhase;
			buildActionMask = 2147483647;
			files = (
				3C5E701C28533E797EBE09C9 /* Pods_PopularMovies.framework in Frameworks */,
			);
			runOnlyForDeploymentPostprocessing = 0;
		};
		75C8396D2255E92E00317299 /* Frameworks */ = {
			isa = PBXFrameworksBuildPhase;
			buildActionMask = 2147483647;
			files = (
				C85A4386A5A1ECBB065BF49D /* Pods_PopularMoviesTests.framework in Frameworks */,
			);
			runOnlyForDeploymentPostprocessing = 0;
		};
/* End PBXFrameworksBuildPhase section */

/* Begin PBXGroup section */
		75C839532255E92D00317299 = {
			isa = PBXGroup;
			children = (
				75C8395E2255E92D00317299 /* PopularMovies */,
				75C839732255E92E00317299 /* PopularMoviesTests */,
				75C8395D2255E92D00317299 /* Products */,
				E6249732B4ACA730FB190C1A /* Pods */,
				81CD76EA3FED8630A10477AE /* Frameworks */,
			);
			sourceTree = "<group>";
		};
		75C8395D2255E92D00317299 /* Products */ = {
			isa = PBXGroup;
			children = (
				75C8395C2255E92D00317299 /* PopularMovies.app */,
				75C839702255E92E00317299 /* PopularMoviesTests.xctest */,
			);
			name = Products;
			sourceTree = "<group>";
		};
		75C8395E2255E92D00317299 /* PopularMovies */ = {
			isa = PBXGroup;
			children = (
				75C839B322560AFF00317299 /* Coordinators */,
				75C839B222560AF900317299 /* Presenters */,
				75C839B122560AED00317299 /* Views */,
				75C839982255F7BE00317299 /* Repository */,
				75C839872255F43100317299 /* Services */,
				75C839832255EE8800317299 /* Entities */,
				75C8397F2255ED3400317299 /* Interactors */,
				75C8395F2255E92D00317299 /* AppDelegate.swift */,
				75C839662255E92E00317299 /* Assets.xcassets */,
				75C8396B2255E92E00317299 /* Info.plist */,
			);
			path = PopularMovies;
			sourceTree = "<group>";
		};
		75C839732255E92E00317299 /* PopularMoviesTests */ = {
			isa = PBXGroup;
			children = (
				75C8398B2255F4B500317299 /* TestDoubles */,
				75C839742255E92E00317299 /* GetPopularMoviesInteractorTests.swift */,
				75C839762255E92E00317299 /* Info.plist */,
				75C839CF2256421700317299 /* GetMovieDetailsInteractorTests.swift */,
			);
			path = PopularMoviesTests;
			sourceTree = "<group>";
		};
		75C8397F2255ED3400317299 /* Interactors */ = {
			isa = PBXGroup;
			children = (
				75C839802255ED5C00317299 /* GetPopularMoviesInteractor.swift */,
				75C839BA22560BCE00317299 /* GetMoviesInteractor.swift */,
				75C839D12256425300317299 /* GetMovieDetailsInteractor.swift */,
				75C839D42256428E00317299 /* DefaultGetMovieDetailsInteractor.swift */,
			);
			path = Interactors;
			sourceTree = "<group>";
		};
		75C839832255EE8800317299 /* Entities */ = {
			isa = PBXGroup;
			children = (
				75C839842255EEA000317299 /* Movie.swift */,
				75C839C52256240400317299 /* MovieDTO.swift */,
			);
			path = Entities;
			sourceTree = "<group>";
		};
		75C839872255F43100317299 /* Services */ = {
			isa = PBXGroup;
			children = (
				75C839882255F44E00317299 /* GetPopularMoviesService.swift */,
				75C839C122561A8800317299 /* TMDBGetPopularMoviesService.swift */,
				75C839DA225644CB00317299 /* GetMovieDetailsService.swift */,
			);
			path = Services;
			sourceTree = "<group>";
		};
		75C8398B2255F4B500317299 /* TestDoubles */ = {
			isa = PBXGroup;
			children = (
				75C8398C2255F4C300317299 /* GetPopularMoviesServiceStub.swift */,
				75C839922255F6C600317299 /* GetPopularMoviesServiceDummy.swift */,
				75C839952255F70600317299 /* MovieStub.swift */,
				75C8399C2255F7F000317299 /* MoviesRepositorySpy.swift */,
				75C8399F2256041B00317299 /* GetPopularMoviesServiceErrorDummy.swift */,
				75C839A2225604B700317299 /* ErrorStub.swift */,
				75C839A52256076F00317299 /* MoviesRepositoryErrorDummy.swift */,
				75C839D7225644A300317299 /* GetMovieDetailsServiceFake.swift */,
				75C839E32256577D00317299 /* MovieFake.swift */,
				75C839E522565A1700317299 /* GetMovieDetailsServiceErrorDummy.swift */,
			);
			path = TestDoubles;
			sourceTree = "<group>";
		};
		75C839982255F7BE00317299 /* Repository */ = {
			isa = PBXGroup;
			children = (
				75C839992255F7D400317299 /* MoviesRepository.swift */,
				75C839C322561B0300317299 /* InMemoryMoviesRepository.swift */,
				75C839DD225651F800317299 /* MoviesRepositoryError.swift */,
			);
			path = Repository;
			sourceTree = "<group>";
		};
		75C839B122560AED00317299 /* Views */ = {
			isa = PBXGroup;
			children = (
				75C839632255E92D00317299 /* Main.storyboard */,
				75C839682255E92E00317299 /* LaunchScreen.storyboard */,
				75C839B422560B1F00317299 /* MoviesViewController.swift */,
				75C839BF2256131300317299 /* MovieCell.swift */,
				75C839C922562B6800317299 /* MovieDisplayModel.swift */,
				75C839CB22562CA200317299 /* MovieDisplayModelFactory.swift */,
				75C839CD22562CD900317299 /* DefaultMovieDisplayModelFactory.swift */,
				75C839E72256643100317299 /* PosterURLFactory.swift */,
				75C839E92256648B00317299 /* SmallPosterURLFactory.swift */,
				75C839EB2256654600317299 /* BigPosterURLFactory.swift */,
			);
			path = Views;
			sourceTree = "<group>";
		};
		75C839B222560AF900317299 /* Presenters */ = {
			isa = PBXGroup;
			children = (
				75C839B622560B5C00317299 /* DefaultMoviesPresenter.swift */,
				75C839BD22560C8000317299 /* MoviesPresenter.swift */,
			);
			path = Presenters;
			sourceTree = "<group>";
		};
		75C839B322560AFF00317299 /* Coordinators */ = {
			isa = PBXGroup;
			children = (
				75C839B822560B7000317299 /* MoviesCoordinator.swift */,
			);
			path = Coordinators;
			sourceTree = "<group>";
		};
		81CD76EA3FED8630A10477AE /* Frameworks */ = {
			isa = PBXGroup;
			children = (
				4536DB229775911D18862F0E /* Pods_PopularMovies.framework */,
				3855770658C787020881EB5A /* Pods_PopularMoviesTests.framework */,
			);
			name = Frameworks;
			sourceTree = "<group>";
		};
		E6249732B4ACA730FB190C1A /* Pods */ = {
			isa = PBXGroup;
			children = (
				52A55CCD03CE2C9F0C9AE91A /* Pods-PopularMovies.debug.xcconfig */,
				A60E816E88F998F842D0C79E /* Pods-PopularMovies.release.xcconfig */,
				E5A36E88D97B57576EA208AC /* Pods-PopularMoviesTests.debug.xcconfig */,
				2F5F6F1FC22CE8C46ED437EB /* Pods-PopularMoviesTests.release.xcconfig */,
			);
			path = Pods;
			sourceTree = "<group>";
		};
/* End PBXGroup section */

/* Begin PBXNativeTarget section */
		75C8395B2255E92D00317299 /* PopularMovies */ = {
			isa = PBXNativeTarget;
			buildConfigurationList = 75C839792255E92E00317299 /* Build configuration list for PBXNativeTarget "PopularMovies" */;
			buildPhases = (
				3136049E648351B6001D2152 /* [CP] Check Pods Manifest.lock */,
				75C839582255E92D00317299 /* Sources */,
				75C839592255E92D00317299 /* Frameworks */,
				75C8395A2255E92D00317299 /* Resources */,
				E326E2C6A4031E0A3DFC2D93 /* [CP] Embed Pods Frameworks */,
			);
			buildRules = (
			);
			dependencies = (
			);
			name = PopularMovies;
			productName = PopularMovies;
			productReference = 75C8395C2255E92D00317299 /* PopularMovies.app */;
			productType = "com.apple.product-type.application";
		};
		75C8396F2255E92E00317299 /* PopularMoviesTests */ = {
			isa = PBXNativeTarget;
			buildConfigurationList = 75C8397C2255E92E00317299 /* Build configuration list for PBXNativeTarget "PopularMoviesTests" */;
			buildPhases = (
				C268A7EED2D31D942117B80B /* [CP] Check Pods Manifest.lock */,
				75C8396C2255E92E00317299 /* Sources */,
				75C8396D2255E92E00317299 /* Frameworks */,
				75C8396E2255E92E00317299 /* Resources */,
			);
			buildRules = (
			);
			dependencies = (
				75C839722255E92E00317299 /* PBXTargetDependency */,
			);
			name = PopularMoviesTests;
			productName = PopularMoviesTests;
			productReference = 75C839702255E92E00317299 /* PopularMoviesTests.xctest */;
			productType = "com.apple.product-type.bundle.unit-test";
		};
/* End PBXNativeTarget section */

/* Begin PBXProject section */
		75C839542255E92D00317299 /* Project object */ = {
			isa = PBXProject;
			attributes = {
				LastSwiftUpdateCheck = 1020;
				LastUpgradeCheck = 1020;
				ORGANIZATIONNAME = "Andrei Sherstniuk";
				TargetAttributes = {
					75C8395B2255E92D00317299 = {
						CreatedOnToolsVersion = 10.2;
					};
					75C8396F2255E92E00317299 = {
						CreatedOnToolsVersion = 10.2;
						TestTargetID = 75C8395B2255E92D00317299;
					};
				};
			};
			buildConfigurationList = 75C839572255E92D00317299 /* Build configuration list for PBXProject "PopularMovies" */;
			compatibilityVersion = "Xcode 9.3";
			developmentRegion = en;
			hasScannedForEncodings = 0;
			knownRegions = (
				en,
				Base,
			);
			mainGroup = 75C839532255E92D00317299;
			productRefGroup = 75C8395D2255E92D00317299 /* Products */;
			projectDirPath = "";
			projectRoot = "";
			targets = (
				75C8395B2255E92D00317299 /* PopularMovies */,
				75C8396F2255E92E00317299 /* PopularMoviesTests */,
			);
		};
/* End PBXProject section */

/* Begin PBXResourcesBuildPhase section */
		75C8395A2255E92D00317299 /* Resources */ = {
			isa = PBXResourcesBuildPhase;
			buildActionMask = 2147483647;
			files = (
				75C8396A2255E92E00317299 /* LaunchScreen.storyboard in Resources */,
				75C839672255E92E00317299 /* Assets.xcassets in Resources */,
				75C839652255E92D00317299 /* Main.storyboard in Resources */,
			);
			runOnlyForDeploymentPostprocessing = 0;
		};
		75C8396E2255E92E00317299 /* Resources */ = {
			isa = PBXResourcesBuildPhase;
			buildActionMask = 2147483647;
			files = (
			);
			runOnlyForDeploymentPostprocessing = 0;
		};
/* End PBXResourcesBuildPhase section */

/* Begin PBXShellScriptBuildPhase section */
		3136049E648351B6001D2152 /* [CP] Check Pods Manifest.lock */ = {
			isa = PBXShellScriptBuildPhase;
			buildActionMask = 2147483647;
			files = (
			);
			inputFileListPaths = (
			);
			inputPaths = (
				"${PODS_PODFILE_DIR_PATH}/Podfile.lock",
				"${PODS_ROOT}/Manifest.lock",
			);
			name = "[CP] Check Pods Manifest.lock";
			outputFileListPaths = (
			);
			outputPaths = (
				"$(DERIVED_FILE_DIR)/Pods-PopularMovies-checkManifestLockResult.txt",
			);
			runOnlyForDeploymentPostprocessing = 0;
			shellPath = /bin/sh;
			shellScript = "diff \"${PODS_PODFILE_DIR_PATH}/Podfile.lock\" \"${PODS_ROOT}/Manifest.lock\" > /dev/null\nif [ $? != 0 ] ; then\n    # print error to STDERR\n    echo \"error: The sandbox is not in sync with the Podfile.lock. Run 'pod install' or update your CocoaPods installation.\" >&2\n    exit 1\nfi\n# This output is used by Xcode 'outputs' to avoid re-running this script phase.\necho \"SUCCESS\" > \"${SCRIPT_OUTPUT_FILE_0}\"\n";
			showEnvVarsInLog = 0;
		};
		C268A7EED2D31D942117B80B /* [CP] Check Pods Manifest.lock */ = {
			isa = PBXShellScriptBuildPhase;
			buildActionMask = 2147483647;
			files = (
			);
			inputFileListPaths = (
			);
			inputPaths = (
				"${PODS_PODFILE_DIR_PATH}/Podfile.lock",
				"${PODS_ROOT}/Manifest.lock",
			);
			name = "[CP] Check Pods Manifest.lock";
			outputFileListPaths = (
			);
			outputPaths = (
				"$(DERIVED_FILE_DIR)/Pods-PopularMoviesTests-checkManifestLockResult.txt",
			);
			runOnlyForDeploymentPostprocessing = 0;
			shellPath = /bin/sh;
			shellScript = "diff \"${PODS_PODFILE_DIR_PATH}/Podfile.lock\" \"${PODS_ROOT}/Manifest.lock\" > /dev/null\nif [ $? != 0 ] ; then\n    # print error to STDERR\n    echo \"error: The sandbox is not in sync with the Podfile.lock. Run 'pod install' or update your CocoaPods installation.\" >&2\n    exit 1\nfi\n# This output is used by Xcode 'outputs' to avoid re-running this script phase.\necho \"SUCCESS\" > \"${SCRIPT_OUTPUT_FILE_0}\"\n";
			showEnvVarsInLog = 0;
		};
		E326E2C6A4031E0A3DFC2D93 /* [CP] Embed Pods Frameworks */ = {
			isa = PBXShellScriptBuildPhase;
			buildActionMask = 2147483647;
			files = (
			);
			inputFileListPaths = (
			);
			inputPaths = (
				"${PODS_ROOT}/Target Support Files/Pods-PopularMovies/Pods-PopularMovies-frameworks.sh",
				"${BUILT_PRODUCTS_DIR}/Alamofire/Alamofire.framework",
				"${BUILT_PRODUCTS_DIR}/SDWebImage/SDWebImage.framework",
				"${BUILT_PRODUCTS_DIR}/SwiftyJSON/SwiftyJSON.framework",
			);
			name = "[CP] Embed Pods Frameworks";
			outputFileListPaths = (
			);
			outputPaths = (
				"${TARGET_BUILD_DIR}/${FRAMEWORKS_FOLDER_PATH}/Alamofire.framework",
				"${TARGET_BUILD_DIR}/${FRAMEWORKS_FOLDER_PATH}/SDWebImage.framework",
				"${TARGET_BUILD_DIR}/${FRAMEWORKS_FOLDER_PATH}/SwiftyJSON.framework",
			);
			runOnlyForDeploymentPostprocessing = 0;
			shellPath = /bin/sh;
			shellScript = "\"${PODS_ROOT}/Target Support Files/Pods-PopularMovies/Pods-PopularMovies-frameworks.sh\"\n";
			showEnvVarsInLog = 0;
		};
/* End PBXShellScriptBuildPhase section */

/* Begin PBXSourcesBuildPhase section */
		75C839582255E92D00317299 /* Sources */ = {
			isa = PBXSourcesBuildPhase;
			buildActionMask = 2147483647;
			files = (
				75C839A02256041B00317299 /* GetPopularMoviesServiceErrorDummy.swift in Sources */,
				75C839CA22562B6800317299 /* MovieDisplayModel.swift in Sources */,
				75C839EC2256654600317299 /* BigPosterURLFactory.swift in Sources */,
				75C839B522560B1F00317299 /* MoviesViewController.swift in Sources */,
				75C839D52256428E00317299 /* DefaultGetMovieDetailsInteractor.swift in Sources */,
				75C839A3225604B700317299 /* ErrorStub.swift in Sources */,
				75C839C222561A8800317299 /* TMDBGetPopularMoviesService.swift in Sources */,
				75C839DB225644CB00317299 /* GetMovieDetailsService.swift in Sources */,
				75C839892255F44E00317299 /* GetPopularMoviesService.swift in Sources */,
				75C839D22256425300317299 /* GetMovieDetailsInteractor.swift in Sources */,
				75C8399A2255F7D400317299 /* MoviesRepository.swift in Sources */,
				75C839BB22560BCE00317299 /* GetMoviesInteractor.swift in Sources */,
				75C839CE22562CD900317299 /* DefaultMovieDisplayModelFactory.swift in Sources */,
				75C839BE22560C8000317299 /* MoviesPresenter.swift in Sources */,
				75C839C02256131300317299 /* MovieCell.swift in Sources */,
				75C839812255ED5C00317299 /* GetPopularMoviesInteractor.swift in Sources */,
				75C839852255EEA000317299 /* Movie.swift in Sources */,
				75C839C62256240400317299 /* MovieDTO.swift in Sources */,
				75C839A62256076F00317299 /* MoviesRepositoryErrorDummy.swift in Sources */,
				75C839E82256643100317299 /* PosterURLFactory.swift in Sources */,
				75C839C422561B0300317299 /* InMemoryMoviesRepository.swift in Sources */,
				75C839B922560B7000317299 /* MoviesCoordinator.swift in Sources */,
				75C839EA2256648B00317299 /* SmallPosterURLFactory.swift in Sources */,
				75C839602255E92D00317299 /* AppDelegate.swift in Sources */,
				75C839B722560B5C00317299 /* DefaultMoviesPresenter.swift in Sources */,
				75C839CC22562CA200317299 /* MovieDisplayModelFactory.swift in Sources */,
				75C839DE225651F800317299 /* MoviesRepositoryError.swift in Sources */,
			);
			runOnlyForDeploymentPostprocessing = 0;
		};
		75C8396C2255E92E00317299 /* Sources */ = {
			isa = PBXSourcesBuildPhase;
			buildActionMask = 2147483647;
			files = (
				75C839DC225644CB00317299 /* GetMovieDetailsService.swift in Sources */,
				75C839D32256425300317299 /* GetMovieDetailsInteractor.swift in Sources */,
				75C839DF225651F800317299 /* MoviesRepositoryError.swift in Sources */,
				75C839822255ED5C00317299 /* GetPopularMoviesInteractor.swift in Sources */,
				75C839E622565A1700317299 /* GetMovieDetailsServiceErrorDummy.swift in Sources */,
				75C839972255F70600317299 /* MovieStub.swift in Sources */,
				75C839E42256577D00317299 /* MovieFake.swift in Sources */,
				75C839752255E92E00317299 /* GetPopularMoviesInteractorTests.swift in Sources */,
				75C839862255EEA000317299 /* Movie.swift in Sources */,
				75C839A72256076F00317299 /* MoviesRepositoryErrorDummy.swift in Sources */,
				75C8399B2255F7D400317299 /* MoviesRepository.swift in Sources */,
				75C839D62256428E00317299 /* DefaultGetMovieDetailsInteractor.swift in Sources */,
				75C839BC22560C0900317299 /* GetMoviesInteractor.swift in Sources */,
				75C839D02256421700317299 /* GetMovieDetailsInteractorTests.swift in Sources */,
				75C8398E2255F4C300317299 /* GetPopularMoviesServiceStub.swift in Sources */,
				75C839A4225604B700317299 /* ErrorStub.swift in Sources */,
				75C8399E2255F7F000317299 /* MoviesRepositorySpy.swift in Sources */,
				75C839942255F6C600317299 /* GetPopularMoviesServiceDummy.swift in Sources */,
				75C839D9225644A300317299 /* GetMovieDetailsServiceFake.swift in Sources */,
				75C839A12256041B00317299 /* GetPopularMoviesServiceErrorDummy.swift in Sources */,
				75C8398A2255F44E00317299 /* GetPopularMoviesService.swift in Sources */,
			);
			runOnlyForDeploymentPostprocessing = 0;
		};
/* End PBXSourcesBuildPhase section */

/* Begin PBXTargetDependency section */
		75C839722255E92E00317299 /* PBXTargetDependency */ = {
			isa = PBXTargetDependency;
			target = 75C8395B2255E92D00317299 /* PopularMovies */;
			targetProxy = 75C839712255E92E00317299 /* PBXContainerItemProxy */;
		};
/* End PBXTargetDependency section */

/* Begin PBXVariantGroup section */
		75C839632255E92D00317299 /* Main.storyboard */ = {
			isa = PBXVariantGroup;
			children = (
				75C839642255E92D00317299 /* Base */,
			);
			name = Main.storyboard;
			sourceTree = "<group>";
		};
		75C839682255E92E00317299 /* LaunchScreen.storyboard */ = {
			isa = PBXVariantGroup;
			children = (
				75C839692255E92E00317299 /* Base */,
			);
			name = LaunchScreen.storyboard;
			sourceTree = "<group>";
		};
/* End PBXVariantGroup section */

/* Begin XCBuildConfiguration section */
		75C839772255E92E00317299 /* Debug */ = {
			isa = XCBuildConfiguration;
			buildSettings = {
				ALWAYS_SEARCH_USER_PATHS = NO;
				CLANG_ANALYZER_NONNULL = YES;
				CLANG_ANALYZER_NUMBER_OBJECT_CONVERSION = YES_AGGRESSIVE;
				CLANG_CXX_LANGUAGE_STANDARD = "gnu++14";
				CLANG_CXX_LIBRARY = "libc++";
				CLANG_ENABLE_MODULES = YES;
				CLANG_ENABLE_OBJC_ARC = YES;
				CLANG_ENABLE_OBJC_WEAK = YES;
				CLANG_WARN_BLOCK_CAPTURE_AUTORELEASING = YES;
				CLANG_WARN_BOOL_CONVERSION = YES;
				CLANG_WARN_COMMA = YES;
				CLANG_WARN_CONSTANT_CONVERSION = YES;
				CLANG_WARN_DEPRECATED_OBJC_IMPLEMENTATIONS = YES;
				CLANG_WARN_DIRECT_OBJC_ISA_USAGE = YES_ERROR;
				CLANG_WARN_DOCUMENTATION_COMMENTS = YES;
				CLANG_WARN_EMPTY_BODY = YES;
				CLANG_WARN_ENUM_CONVERSION = YES;
				CLANG_WARN_INFINITE_RECURSION = YES;
				CLANG_WARN_INT_CONVERSION = YES;
				CLANG_WARN_NON_LITERAL_NULL_CONVERSION = YES;
				CLANG_WARN_OBJC_IMPLICIT_RETAIN_SELF = YES;
				CLANG_WARN_OBJC_LITERAL_CONVERSION = YES;
				CLANG_WARN_OBJC_ROOT_CLASS = YES_ERROR;
				CLANG_WARN_RANGE_LOOP_ANALYSIS = YES;
				CLANG_WARN_STRICT_PROTOTYPES = YES;
				CLANG_WARN_SUSPICIOUS_MOVE = YES;
				CLANG_WARN_UNGUARDED_AVAILABILITY = YES_AGGRESSIVE;
				CLANG_WARN_UNREACHABLE_CODE = YES;
				CLANG_WARN__DUPLICATE_METHOD_MATCH = YES;
				CODE_SIGN_IDENTITY = "iPhone Developer";
				COPY_PHASE_STRIP = NO;
				DEBUG_INFORMATION_FORMAT = dwarf;
				ENABLE_STRICT_OBJC_MSGSEND = YES;
				ENABLE_TESTABILITY = YES;
				GCC_C_LANGUAGE_STANDARD = gnu11;
				GCC_DYNAMIC_NO_PIC = NO;
				GCC_NO_COMMON_BLOCKS = YES;
				GCC_OPTIMIZATION_LEVEL = 0;
				GCC_PREPROCESSOR_DEFINITIONS = (
					"DEBUG=1",
					"$(inherited)",
				);
				GCC_WARN_64_TO_32_BIT_CONVERSION = YES;
				GCC_WARN_ABOUT_RETURN_TYPE = YES_ERROR;
				GCC_WARN_UNDECLARED_SELECTOR = YES;
				GCC_WARN_UNINITIALIZED_AUTOS = YES_AGGRESSIVE;
				GCC_WARN_UNUSED_FUNCTION = YES;
				GCC_WARN_UNUSED_VARIABLE = YES;
				IPHONEOS_DEPLOYMENT_TARGET = 10.0;
				MTL_ENABLE_DEBUG_INFO = INCLUDE_SOURCE;
				MTL_FAST_MATH = YES;
				ONLY_ACTIVE_ARCH = YES;
				SDKROOT = iphoneos;
				SWIFT_ACTIVE_COMPILATION_CONDITIONS = DEBUG;
				SWIFT_OPTIMIZATION_LEVEL = "-Onone";
			};
			name = Debug;
		};
		75C839782255E92E00317299 /* Release */ = {
			isa = XCBuildConfiguration;
			buildSettings = {
				ALWAYS_SEARCH_USER_PATHS = NO;
				CLANG_ANALYZER_NONNULL = YES;
				CLANG_ANALYZER_NUMBER_OBJECT_CONVERSION = YES_AGGRESSIVE;
				CLANG_CXX_LANGUAGE_STANDARD = "gnu++14";
				CLANG_CXX_LIBRARY = "libc++";
				CLANG_ENABLE_MODULES = YES;
				CLANG_ENABLE_OBJC_ARC = YES;
				CLANG_ENABLE_OBJC_WEAK = YES;
				CLANG_WARN_BLOCK_CAPTURE_AUTORELEASING = YES;
				CLANG_WARN_BOOL_CONVERSION = YES;
				CLANG_WARN_COMMA = YES;
				CLANG_WARN_CONSTANT_CONVERSION = YES;
				CLANG_WARN_DEPRECATED_OBJC_IMPLEMENTATIONS = YES;
				CLANG_WARN_DIRECT_OBJC_ISA_USAGE = YES_ERROR;
				CLANG_WARN_DOCUMENTATION_COMMENTS = YES;
				CLANG_WARN_EMPTY_BODY = YES;
				CLANG_WARN_ENUM_CONVERSION = YES;
				CLANG_WARN_INFINITE_RECURSION = YES;
				CLANG_WARN_INT_CONVERSION = YES;
				CLANG_WARN_NON_LITERAL_NULL_CONVERSION = YES;
				CLANG_WARN_OBJC_IMPLICIT_RETAIN_SELF = YES;
				CLANG_WARN_OBJC_LITERAL_CONVERSION = YES;
				CLANG_WARN_OBJC_ROOT_CLASS = YES_ERROR;
				CLANG_WARN_RANGE_LOOP_ANALYSIS = YES;
				CLANG_WARN_STRICT_PROTOTYPES = YES;
				CLANG_WARN_SUSPICIOUS_MOVE = YES;
				CLANG_WARN_UNGUARDED_AVAILABILITY = YES_AGGRESSIVE;
				CLANG_WARN_UNREACHABLE_CODE = YES;
				CLANG_WARN__DUPLICATE_METHOD_MATCH = YES;
				CODE_SIGN_IDENTITY = "iPhone Developer";
				COPY_PHASE_STRIP = NO;
				DEBUG_INFORMATION_FORMAT = "dwarf-with-dsym";
				ENABLE_NS_ASSERTIONS = NO;
				ENABLE_STRICT_OBJC_MSGSEND = YES;
				GCC_C_LANGUAGE_STANDARD = gnu11;
				GCC_NO_COMMON_BLOCKS = YES;
				GCC_WARN_64_TO_32_BIT_CONVERSION = YES;
				GCC_WARN_ABOUT_RETURN_TYPE = YES_ERROR;
				GCC_WARN_UNDECLARED_SELECTOR = YES;
				GCC_WARN_UNINITIALIZED_AUTOS = YES_AGGRESSIVE;
				GCC_WARN_UNUSED_FUNCTION = YES;
				GCC_WARN_UNUSED_VARIABLE = YES;
				IPHONEOS_DEPLOYMENT_TARGET = 10.0;
				MTL_ENABLE_DEBUG_INFO = NO;
				MTL_FAST_MATH = YES;
				SDKROOT = iphoneos;
				SWIFT_COMPILATION_MODE = wholemodule;
				SWIFT_OPTIMIZATION_LEVEL = "-O";
				VALIDATE_PRODUCT = YES;
			};
			name = Release;
		};
		75C8397A2255E92E00317299 /* Debug */ = {
			isa = XCBuildConfiguration;
			baseConfigurationReference = 52A55CCD03CE2C9F0C9AE91A /* Pods-PopularMovies.debug.xcconfig */;
			buildSettings = {
				ASSETCATALOG_COMPILER_APPICON_NAME = AppIcon;
				CODE_SIGN_STYLE = Automatic;
				DEVELOPMENT_TEAM = 5LQ27775RC;
				INFOPLIST_FILE = PopularMovies/Info.plist;
				LD_RUNPATH_SEARCH_PATHS = (
					"$(inherited)",
					"@executable_path/Frameworks",
				);
				PRODUCT_BUNDLE_IDENTIFIER = com.PopularMovies;
				PRODUCT_NAME = "$(TARGET_NAME)";
				SWIFT_VERSION = 5.0;
				TARGETED_DEVICE_FAMILY = "1,2";
			};
			name = Debug;
		};
		75C8397B2255E92E00317299 /* Release */ = {
			isa = XCBuildConfiguration;
			baseConfigurationReference = A60E816E88F998F842D0C79E /* Pods-PopularMovies.release.xcconfig */;
			buildSettings = {
				ASSETCATALOG_COMPILER_APPICON_NAME = AppIcon;
				CODE_SIGN_STYLE = Automatic;
				DEVELOPMENT_TEAM = 5LQ27775RC;
				INFOPLIST_FILE = PopularMovies/Info.plist;
				LD_RUNPATH_SEARCH_PATHS = (
					"$(inherited)",
					"@executable_path/Frameworks",
				);
				PRODUCT_BUNDLE_IDENTIFIER = com.PopularMovies;
				PRODUCT_NAME = "$(TARGET_NAME)";
				SWIFT_VERSION = 5.0;
				TARGETED_DEVICE_FAMILY = "1,2";
			};
			name = Release;
		};
		75C8397D2255E92E00317299 /* Debug */ = {
			isa = XCBuildConfiguration;
			baseConfigurationReference = E5A36E88D97B57576EA208AC /* Pods-PopularMoviesTests.debug.xcconfig */;
			buildSettings = {
				ALWAYS_EMBED_SWIFT_STANDARD_LIBRARIES = YES;
				BUNDLE_LOADER = "$(TEST_HOST)";
				CODE_SIGN_STYLE = Automatic;
				INFOPLIST_FILE = PopularMoviesTests/Info.plist;
				LD_RUNPATH_SEARCH_PATHS = (
					"$(inherited)",
					"@executable_path/Frameworks",
					"@loader_path/Frameworks",
				);
				PRODUCT_BUNDLE_IDENTIFIER = com.PopularMoviesTests;
				PRODUCT_NAME = "$(TARGET_NAME)";
				SWIFT_VERSION = 5.0;
				TARGETED_DEVICE_FAMILY = "1,2";
				TEST_HOST = "$(BUILT_PRODUCTS_DIR)/PopularMovies.app/PopularMovies";
			};
			name = Debug;
		};
		75C8397E2255E92E00317299 /* Release */ = {
			isa = XCBuildConfiguration;
			baseConfigurationReference = 2F5F6F1FC22CE8C46ED437EB /* Pods-PopularMoviesTests.release.xcconfig */;
			buildSettings = {
				ALWAYS_EMBED_SWIFT_STANDARD_LIBRARIES = YES;
				BUNDLE_LOADER = "$(TEST_HOST)";
				CODE_SIGN_STYLE = Automatic;
				INFOPLIST_FILE = PopularMoviesTests/Info.plist;
				LD_RUNPATH_SEARCH_PATHS = (
					"$(inherited)",
					"@executable_path/Frameworks",
					"@loader_path/Frameworks",
				);
				PRODUCT_BUNDLE_IDENTIFIER = com.PopularMoviesTests;
				PRODUCT_NAME = "$(TARGET_NAME)";
				SWIFT_VERSION = 5.0;
				TARGETED_DEVICE_FAMILY = "1,2";
				TEST_HOST = "$(BUILT_PRODUCTS_DIR)/PopularMovies.app/PopularMovies";
			};
			name = Release;
		};
/* End XCBuildConfiguration section */

/* Begin XCConfigurationList section */
		75C839572255E92D00317299 /* Build configuration list for PBXProject "PopularMovies" */ = {
			isa = XCConfigurationList;
			buildConfigurations = (
				75C839772255E92E00317299 /* Debug */,
				75C839782255E92E00317299 /* Release */,
			);
			defaultConfigurationIsVisible = 0;
			defaultConfigurationName = Release;
		};
		75C839792255E92E00317299 /* Build configuration list for PBXNativeTarget "PopularMovies" */ = {
			isa = XCConfigurationList;
			buildConfigurations = (
				75C8397A2255E92E00317299 /* Debug */,
				75C8397B2255E92E00317299 /* Release */,
			);
			defaultConfigurationIsVisible = 0;
			defaultConfigurationName = Release;
		};
		75C8397C2255E92E00317299 /* Build configuration list for PBXNativeTarget "PopularMoviesTests" */ = {
			isa = XCConfigurationList;
			buildConfigurations = (
				75C8397D2255E92E00317299 /* Debug */,
				75C8397E2255E92E00317299 /* Release */,
			);
			defaultConfigurationIsVisible = 0;
			defaultConfigurationName = Release;
		};
/* End XCConfigurationList section */
	};
	rootObject = 75C839542255E92D00317299 /* Project object */;
}
